
Microsoft Visual Studio Solution File, Format Version 12.00
# Visual Studio 15
VisualStudioVersion = 15.0.27703.2035
MinimumVisualStudioVersion = 10.0.40219.1
Project("{9A19103F-16F7-4668-BE54-9A1E7A4F7556}") = "RP.ExpenseTracker", "RP.ExpenseTracker\RP.ExpenseTracker.csproj", "{1E20C591-5AC1-4779-BEAD-E4BE1952E9F7}"
EndProject
Project("{9A19103F-16F7-4668-BE54-9A1E7A4F7556}") = "RP.ExpenseTracker.Domain", "RP.ExpenseTracker.Domain\RP.ExpenseTracker.Domain.csproj", "{BEDA86A7-F805-4A7F-B17E-E2A0AA7FD805}"
EndProject
Project("{9A19103F-16F7-4668-BE54-9A1E7A4F7556}") = "RP.ExpenseTracker.DataAccess", "RP.ExpenseTracker.DataAccess\RP.ExpenseTracker.DataAccess.csproj", "{2C9B0592-7400-4F9C-9647-8475F041D47B}"
EndProject
Project("{9A19103F-16F7-4668-BE54-9A1E7A4F7556}") = "RP.ExpenseTracker.Tests", "RP.ExpenseTracker.Tests\RP.ExpenseTracker.Tests.csproj", "{13F5666E-5F88-4BD6-8C27-28AEADA9C192}"
EndProject
Project("{9A19103F-16F7-4668-BE54-9A1E7A4F7556}") = "RP.ExpenseTracker.Common", "RP.ExpenseTracker.Common\RP.ExpenseTracker.Common.csproj", "{3D4F1274-E834-4933-91F5-4CB539263344}"
EndProject
Global
	GlobalSection(SolutionConfigurationPlatforms) = preSolution
		Debug|Any CPU = Debug|Any CPU
		Release|Any CPU = Release|Any CPU
	EndGlobalSection
	GlobalSection(ProjectConfigurationPlatforms) = postSolution
		{1E20C591-5AC1-4779-BEAD-E4BE1952E9F7}.Debug|Any CPU.ActiveCfg = Debug|Any CPU
		{1E20C591-5AC1-4779-BEAD-E4BE1952E9F7}.Debug|Any CPU.Build.0 = Debug|Any CPU
		{1E20C591-5AC1-4779-BEAD-E4BE1952E9F7}.Release|Any CPU.ActiveCfg = Release|Any CPU
		{1E20C591-5AC1-4779-BEAD-E4BE1952E9F7}.Release|Any CPU.Build.0 = Release|Any CPU
		{BEDA86A7-F805-4A7F-B17E-E2A0AA7FD805}.Debug|Any CPU.ActiveCfg = Debug|Any CPU
		{BEDA86A7-F805-4A7F-B17E-E2A0AA7FD805}.Debug|Any CPU.Build.0 = Debug|Any CPU
		{BEDA86A7-F805-4A7F-B17E-E2A0AA7FD805}.Release|Any CPU.ActiveCfg = Release|Any CPU
		{BEDA86A7-F805-4A7F-B17E-E2A0AA7FD805}.Release|Any CPU.Build.0 = Release|Any CPU
		{2C9B0592-7400-4F9C-9647-8475F041D47B}.Debug|Any CPU.ActiveCfg = Debug|Any CPU
		{2C9B0592-7400-4F9C-9647-8475F041D47B}.Debug|Any CPU.Build.0 = Debug|Any CPU
		{2C9B0592-7400-4F9C-9647-8475F041D47B}.Release|Any CPU.ActiveCfg = Release|Any CPU
		{2C9B0592-7400-4F9C-9647-8475F041D47B}.Release|Any CPU.Build.0 = Release|Any CPU
		{13F5666E-5F88-4BD6-8C27-28AEADA9C192}.Debug|Any CPU.ActiveCfg = Debug|Any CPU
		{13F5666E-5F88-4BD6-8C27-28AEADA9C192}.Debug|Any CPU.Build.0 = Debug|Any CPU
		{13F5666E-5F88-4BD6-8C27-28AEADA9C192}.Release|Any CPU.ActiveCfg = Release|Any CPU
		{13F5666E-5F88-4BD6-8C27-28AEADA9C192}.Release|Any CPU.Build.0 = Release|Any CPU
		{3D4F1274-E834-4933-91F5-4CB539263344}.Debug|Any CPU.ActiveCfg = Debug|Any CPU
		{3D4F1274-E834-4933-91F5-4CB539263344}.Debug|Any CPU.Build.0 = Debug|Any CPU
		{3D4F1274-E834-4933-91F5-4CB539263344}.Release|Any CPU.ActiveCfg = Release|Any CPU
		{3D4F1274-E834-4933-91F5-4CB539263344}.Release|Any CPU.Build.0 = Release|Any CPU
	EndGlobalSection
	GlobalSection(SolutionProperties) = preSolution
		HideSolutionNode = FALSE
	EndGlobalSection
	GlobalSection(ExtensibilityGlobals) = postSolution
		SolutionGuid = {426E49DE-5A17-4FDD-BE9E-1446C7D4BE1A}
	EndGlobalSection
EndGlobal
